// !$*UTF8*$!
{
	archiveVersion = 1;
	classes = {
	};
	objectVersion = 77;
	objects = {

/* Begin PBXBuildFile section */
		85EB0FD62D55724300C658DC /* QuickNotes Watch App.app in Embed Watch Content */ = {isa = PBXBuildFile; fileRef = 85EB0FD52D55724300C658DC /* QuickNotes Watch App.app */; settings = {ATTRIBUTES = (RemoveHeadersOnCopy, ); }; };
/* End PBXBuildFile section */

/* Begin PBXContainerItemProxy section */
		85EB0FD72D55724300C658DC /* PBXContainerItemProxy */ = {
			isa = PBXContainerItemProxy;
			containerPortal = 85EB0FC92D55724300C658DC /* Project object */;
			proxyType = 1;
			remoteGlobalIDString = 85EB0FD42D55724300C658DC;
			remoteInfo = "QuickNotes Watch App";
		};
		85EB0FE82D55724400C658DC /* PBXContainerItemProxy */ = {
			isa = PBXContainerItemProxy;
			containerPortal = 85EB0FC92D55724300C658DC /* Project object */;
			proxyType = 1;
			remoteGlobalIDString = 85EB0FD42D55724300C658DC;
			remoteInfo = "QuickNotes Watch App";
		};
		85EB0FF22D55724400C658DC /* PBXContainerItemProxy */ = {
			isa = PBXContainerItemProxy;
			containerPortal = 85EB0FC92D55724300C658DC /* Project object */;
			proxyType = 1;
			remoteGlobalIDString = 85EB0FD42D55724300C658DC;
			remoteInfo = "QuickNotes Watch App";
		};
/* End PBXContainerItemProxy section */

/* Begin PBXCopyFilesBuildPhase section */
		85EB0FFE2D55724400C658DC /* Embed Watch Content */ = {
			isa = PBXCopyFilesBuildPhase;
			buildActionMask = 2147483647;
			dstPath = "$(CONTENTS_FOLDER_PATH)/Watch";
			dstSubfolderSpec = 16;
			files = (
				85EB0FD62D55724300C658DC /* QuickNotes Watch App.app in Embed Watch Content */,
			);
			name = "Embed Watch Content";
			runOnlyForDeploymentPostprocessing = 0;
		};
/* End PBXCopyFilesBuildPhase section */

/* Begin PBXFileReference section */
		85EB0FCF2D55724300C658DC /* QuickNotes.app */ = {isa = PBXFileReference; explicitFileType = wrapper.application; includeInIndex = 0; path = QuickNotes.app; sourceTree = BUILT_PRODUCTS_DIR; };
		85EB0FD52D55724300C658DC /* QuickNotes Watch App.app */ = {isa = PBXFileReference; explicitFileType = wrapper.application; includeInIndex = 0; path = "QuickNotes Watch App.app"; sourceTree = BUILT_PRODUCTS_DIR; };
		85EB0FE72D55724400C658DC /* QuickNotes Watch AppTests.xctest */ = {isa = PBXFileReference; explicitFileType = wrapper.cfbundle; includeInIndex = 0; path = "QuickNotes Watch AppTests.xctest"; sourceTree = BUILT_PRODUCTS_DIR; };
		85EB0FF12D55724400C658DC /* QuickNotes Watch AppUITests.xctest */ = {isa = PBXFileReference; explicitFileType = wrapper.cfbundle; includeInIndex = 0; path = "QuickNotes Watch AppUITests.xctest"; sourceTree = BUILT_PRODUCTS_DIR; };
/* End PBXFileReference section */

/* Begin PBXFileSystemSynchronizedRootGroup section */
		85EB0FD92D55724300C658DC /* QuickNotes Watch App */ = {
			isa = PBXFileSystemSynchronizedRootGroup;
			path = "QuickNotes Watch App";
			sourceTree = "<group>";
		};
		85EB0FEA2D55724400C658DC /* QuickNotes Watch AppTests */ = {
			isa = PBXFileSystemSynchronizedRootGroup;
			path = "QuickNotes Watch AppTests";
			sourceTree = "<group>";
		};
		85EB0FF42D55724400C658DC /* QuickNotes Watch AppUITests */ = {
			isa = PBXFileSystemSynchronizedRootGroup;
			path = "QuickNotes Watch AppUITests";
			sourceTree = "<group>";
		};
/* End PBXFileSystemSynchronizedRootGroup section */

/* Begin PBXFrameworksBuildPhase section */
		85EB0FD22D55724300C658DC /* Frameworks */ = {
			isa = PBXFrameworksBuildPhase;
			buildActionMask = 2147483647;
			files = (
			);
			runOnlyForDeploymentPostprocessing = 0;
		};
		85EB0FE42D55724400C658DC /* Frameworks */ = {
			isa = PBXFrameworksBuildPhase;
			buildActionMask = 2147483647;
			files = (
			);
			runOnlyForDeploymentPostprocessing = 0;
		};
		85EB0FEE2D55724400C658DC /* Frameworks */ = {
			isa = PBXFrameworksBuildPhase;
			buildActionMask = 2147483647;
			files = (
			);
			runOnlyForDeploymentPostprocessing = 0;
		};
/* End PBXFrameworksBuildPhase section */

/* Begin PBXGroup section */
		85EB0FC82D55724300C658DC = {
			isa = PBXGroup;
			children = (
				85EB0FD92D55724300C658DC /* QuickNotes Watch App */,
				85EB0FEA2D55724400C658DC /* QuickNotes Watch AppTests */,
				85EB0FF42D55724400C658DC /* QuickNotes Watch AppUITests */,
				85EB0FD02D55724300C658DC /* Products */,
			);
			sourceTree = "<group>";
		};
		85EB0FD02D55724300C658DC /* Products */ = {
			isa = PBXGroup;
			children = (
				85EB0FCF2D55724300C658DC /* QuickNotes.app */,
				85EB0FD52D55724300C658DC /* QuickNotes Watch App.app */,
				85EB0FE72D55724400C658DC /* QuickNotes Watch AppTests.xctest */,
				85EB0FF12D55724400C658DC /* QuickNotes Watch AppUITests.xctest */,
			);
			name = Products;
			sourceTree = "<group>";
		};
/* End PBXGroup section */

/* Begin PBXNativeTarget section */
		85EB0FCE2D55724300C658DC /* QuickNotes */ = {
			isa = PBXNativeTarget;
			buildConfigurationList = 85EB0FFF2D55724400C658DC /* Build configuration list for PBXNativeTarget "QuickNotes" */;
			buildPhases = (
				85EB0FCD2D55724300C658DC /* Resources */,
				85EB0FFE2D55724400C658DC /* Embed Watch Content */,
			);
			buildRules = (
			);
			dependencies = (
				85EB0FD82D55724300C658DC /* PBXTargetDependency */,
			);
			name = QuickNotes;
			packageProductDependencies = (
			);
			productName = QuickNotes;
			productReference = 85EB0FCF2D55724300C658DC /* QuickNotes.app */;
			productType = "com.apple.product-type.application.watchapp2-container";
		};
		85EB0FD42D55724300C658DC /* QuickNotes Watch App */ = {
			isa = PBXNativeTarget;
			buildConfigurationList = 85EB0FFB2D55724400C658DC /* Build configuration list for PBXNativeTarget "QuickNotes Watch App" */;
			buildPhases = (
				85EB0FD12D55724300C658DC /* Sources */,
				85EB0FD22D55724300C658DC /* Frameworks */,
				85EB0FD32D55724300C658DC /* Resources */,
			);
			buildRules = (
			);
			dependencies = (
			);
			fileSystemSynchronizedGroups = (
				85EB0FD92D55724300C658DC /* QuickNotes Watch App */,
			);
			name = "QuickNotes Watch App";
			packageProductDependencies = (
			);
			productName = "QuickNotes Watch App";
			productReference = 85EB0FD52D55724300C658DC /* QuickNotes Watch App.app */;
			productType = "com.apple.product-type.application";
		};
		85EB0FE62D55724400C658DC /* QuickNotes Watch AppTests */ = {
			isa = PBXNativeTarget;
			buildConfigurationList = 85EB10022D55724400C658DC /* Build configuration list for PBXNativeTarget "QuickNotes Watch AppTests" */;
			buildPhases = (
				85EB0FE32D55724400C658DC /* Sources */,
				85EB0FE42D55724400C658DC /* Frameworks */,
				85EB0FE52D55724400C658DC /* Resources */,
			);
			buildRules = (
			);
			dependencies = (
				85EB0FE92D55724400C658DC /* PBXTargetDependency */,
			);
			fileSystemSynchronizedGroups = (
				85EB0FEA2D55724400C658DC /* QuickNotes Watch AppTests */,
			);
			name = "QuickNotes Watch AppTests";
			packageProductDependencies = (
			);
			productName = "QuickNotes Watch AppTests";
			productReference = 85EB0FE72D55724400C658DC /* QuickNotes Watch AppTests.xctest */;
			productType = "com.apple.product-type.bundle.unit-test";
		};
		85EB0FF02D55724400C658DC /* QuickNotes Watch AppUITests */ = {
			isa = PBXNativeTarget;
			buildConfigurationList = 85EB10052D55724400C658DC /* Build configuration list for PBXNativeTarget "QuickNotes Watch AppUITests" */;
			buildPhases = (
				85EB0FED2D55724400C658DC /* Sources */,
				85EB0FEE2D55724400C658DC /* Frameworks */,
				85EB0FEF2D55724400C658DC /* Resources */,
			);
			buildRules = (
			);
			dependencies = (
				85EB0FF32D55724400C658DC /* PBXTargetDependency */,
			);
			fileSystemSynchronizedGroups = (
				85EB0FF42D55724400C658DC /* QuickNotes Watch AppUITests */,
			);
			name = "QuickNotes Watch AppUITests";
			packageProductDependencies = (
			);
			productName = "QuickNotes Watch AppUITests";
			productReference = 85EB0FF12D55724400C658DC /* QuickNotes Watch AppUITests.xctest */;
			productType = "com.apple.product-type.bundle.ui-testing";
		};
/* End PBXNativeTarget section */

/* Begin PBXProject section */
		85EB0FC92D55724300C658DC /* Project object */ = {
			isa = PBXProject;
			attributes = {
				BuildIndependentTargetsInParallel = 1;
				LastSwiftUpdateCheck = 1620;
				LastUpgradeCheck = 1620;
				TargetAttributes = {
					85EB0FCE2D55724300C658DC = {
						CreatedOnToolsVersion = 16.2;
					};
					85EB0FD42D55724300C658DC = {
						CreatedOnToolsVersion = 16.2;
					};
					85EB0FE62D55724400C658DC = {
						CreatedOnToolsVersion = 16.2;
						TestTargetID = 85EB0FD42D55724300C658DC;
					};
					85EB0FF02D55724400C658DC = {
						CreatedOnToolsVersion = 16.2;
						TestTargetID = 85EB0FD42D55724300C658DC;
					};
				};
			};
			buildConfigurationList = 85EB0FCC2D55724300C658DC /* Build configuration list for PBXProject "QuickNotes" */;
			developmentRegion = en;
			hasScannedForEncodings = 0;
			knownRegions = (
				en,
				Base,
			);
			mainGroup = 85EB0FC82D55724300C658DC;
			minimizedProjectReferenceProxies = 1;
			preferredProjectObjectVersion = 77;
			productRefGroup = 85EB0FD02D55724300C658DC /* Products */;
			projectDirPath = "";
			projectRoot = "";
			targets = (
				85EB0FCE2D55724300C658DC /* QuickNotes */,
				85EB0FD42D55724300C658DC /* QuickNotes Watch App */,
				85EB0FE62D55724400C658DC /* QuickNotes Watch AppTests */,
				85EB0FF02D55724400C658DC /* QuickNotes Watch AppUITests */,
			);
		};
/* End PBXProject section */

/* Begin PBXResourcesBuildPhase section */
		85EB0FCD2D55724300C658DC /* Resources */ = {
			isa = PBXResourcesBuildPhase;
			buildActionMask = 2147483647;
			files = (
			);
			runOnlyForDeploymentPostprocessing = 0;
		};
		85EB0FD32D55724300C658DC /* Resources */ = {
			isa = PBXResourcesBuildPhase;
			buildActionMask = 2147483647;
			files = (
			);
			runOnlyForDeploymentPostprocessing = 0;
		};
		85EB0FE52D55724400C658DC /* Resources */ = {
			isa = PBXResourcesBuildPhase;
			buildActionMask = 2147483647;
			files = (
			);
			runOnlyForDeploymentPostprocessing = 0;
		};
		85EB0FEF2D55724400C658DC /* Resources */ = {
			isa = PBXResourcesBuildPhase;
			buildActionMask = 2147483647;
			files = (
			);
			runOnlyForDeploymentPostprocessing = 0;
		};
/* End PBXResourcesBuildPhase section */

/* Begin PBXSourcesBuildPhase section */
		85EB0FD12D55724300C658DC /* Sources */ = {
			isa = PBXSourcesBuildPhase;
			buildActionMask = 2147483647;
			files = (
			);
			runOnlyForDeploymentPostprocessing = 0;
		};
		85EB0FE32D55724400C658DC /* Sources */ = {
			isa = PBXSourcesBuildPhase;
			buildActionMask = 2147483647;
			files = (
			);
			runOnlyForDeploymentPostprocessing = 0;
		};
		85EB0FED2D55724400C658DC /* Sources */ = {
			isa = PBXSourcesBuildPhase;
			buildActionMask = 2147483647;
			files = (
			);
			runOnlyForDeploymentPostprocessing = 0;
		};
/* End PBXSourcesBuildPhase section */

/* Begin PBXTargetDependency section */
		85EB0FD82D55724300C658DC /* PBXTargetDependency */ = {
			isa = PBXTargetDependency;
			target = 85EB0FD42D55724300C658DC /* QuickNotes Watch App */;
			targetProxy = 85EB0FD72D55724300C658DC /* PBXContainerItemProxy */;
		};
		85EB0FE92D55724400C658DC /* PBXTargetDependency */ = {
			isa = PBXTargetDependency;
			target = 85EB0FD42D55724300C658DC /* QuickNotes Watch App */;
			targetProxy = 85EB0FE82D55724400C658DC /* PBXContainerItemProxy */;
		};
		85EB0FF32D55724400C658DC /* PBXTargetDependency */ = {
			isa = PBXTargetDependency;
			target = 85EB0FD42D55724300C658DC /* QuickNotes Watch App */;
			targetProxy = 85EB0FF22D55724400C658DC /* PBXContainerItemProxy */;
		};
/* End PBXTargetDependency section */

/* Begin XCBuildConfiguration section */
		85EB0FF92D55724400C658DC /* Debug */ = {
			isa = XCBuildConfiguration;
			buildSettings = {
				ALWAYS_SEARCH_USER_PATHS = NO;
				ASSETCATALOG_COMPILER_GENERATE_SWIFT_ASSET_SYMBOL_EXTENSIONS = YES;
				CLANG_ANALYZER_NONNULL = YES;
				CLANG_ANALYZER_NUMBER_OBJECT_CONVERSION = YES_AGGRESSIVE;
				CLANG_CXX_LANGUAGE_STANDARD = "gnu++20";
				CLANG_ENABLE_MODULES = YES;
				CLANG_ENABLE_OBJC_ARC = YES;
				CLANG_ENABLE_OBJC_WEAK = YES;
				CLANG_WARN_BLOCK_CAPTURE_AUTORELEASING = YES;
				CLANG_WARN_BOOL_CONVERSION = YES;
				CLANG_WARN_COMMA = YES;
				CLANG_WARN_CONSTANT_CONVERSION = YES;
				CLANG_WARN_DEPRECATED_OBJC_IMPLEMENTATIONS = YES;
				CLANG_WARN_DIRECT_OBJC_ISA_USAGE = YES_ERROR;
				CLANG_WARN_DOCUMENTATION_COMMENTS = YES;
				CLANG_WARN_EMPTY_BODY = YES;
				CLANG_WARN_ENUM_CONVERSION = YES;
				CLANG_WARN_INFINITE_RECURSION = YES;
				CLANG_WARN_INT_CONVERSION = YES;
				CLANG_WARN_NON_LITERAL_NULL_CONVERSION = YES;
				CLANG_WARN_OBJC_IMPLICIT_RETAIN_SELF = YES;
				CLANG_WARN_OBJC_LITERAL_CONVERSION = YES;
				CLANG_WARN_OBJC_ROOT_CLASS = YES_ERROR;
				CLANG_WARN_QUOTED_INCLUDE_IN_FRAMEWORK_HEADER = YES;
				CLANG_WARN_RANGE_LOOP_ANALYSIS = YES;
				CLANG_WARN_STRICT_PROTOTYPES = YES;
				CLANG_WARN_SUSPICIOUS_MOVE = YES;
				CLANG_WARN_UNGUARDED_AVAILABILITY = YES_AGGRESSIVE;
				CLANG_WARN_UNREACHABLE_CODE = YES;
				CLANG_WARN__DUPLICATE_METHOD_MATCH = YES;
				COPY_PHASE_STRIP = NO;
				DEBUG_INFORMATION_FORMAT = dwarf;
				ENABLE_STRICT_OBJC_MSGSEND = YES;
				ENABLE_TESTABILITY = YES;
				ENABLE_USER_SCRIPT_SANDBOXING = YES;
				GCC_C_LANGUAGE_STANDARD = gnu17;
				GCC_DYNAMIC_NO_PIC = NO;
				GCC_NO_COMMON_BLOCKS = YES;
				GCC_OPTIMIZATION_LEVEL = 0;
				GCC_PREPROCESSOR_DEFINITIONS = (
					"DEBUG=1",
					"$(inherited)",
				);
				GCC_WARN_64_TO_32_BIT_CONVERSION = YES;
				GCC_WARN_ABOUT_RETURN_TYPE = YES_ERROR;
				GCC_WARN_UNDECLARED_SELECTOR = YES;
				GCC_WARN_UNINITIALIZED_AUTOS = YES_AGGRESSIVE;
				GCC_WARN_UNUSED_FUNCTION = YES;
				GCC_WARN_UNUSED_VARIABLE = YES;
				LOCALIZATION_PREFERS_STRING_CATALOGS = YES;
				MTL_ENABLE_DEBUG_INFO = INCLUDE_SOURCE;
				MTL_FAST_MATH = YES;
				ONLY_ACTIVE_ARCH = YES;
				SWIFT_ACTIVE_COMPILATION_CONDITIONS = "DEBUG $(inherited)";
				SWIFT_OPTIMIZATION_LEVEL = "-Onone";
			};
			name = Debug;
		};
		85EB0FFA2D55724400C658DC /* Release */ = {
			isa = XCBuildConfiguration;
			buildSettings = {
				ALWAYS_SEARCH_USER_PATHS = NO;
				ASSETCATALOG_COMPILER_GENERATE_SWIFT_ASSET_SYMBOL_EXTENSIONS = YES;
				CLANG_ANALYZER_NONNULL = YES;
				CLANG_ANALYZER_NUMBER_OBJECT_CONVERSION = YES_AGGRESSIVE;
				CLANG_CXX_LANGUAGE_STANDARD = "gnu++20";
				CLANG_ENABLE_MODULES = YES;
				CLANG_ENABLE_OBJC_ARC = YES;
				CLANG_ENABLE_OBJC_WEAK = YES;
				CLANG_WARN_BLOCK_CAPTURE_AUTORELEASING = YES;
				CLANG_WARN_BOOL_CONVERSION = YES;
				CLANG_WARN_COMMA = YES;
				CLANG_WARN_CONSTANT_CONVERSION = YES;
				CLANG_WARN_DEPRECATED_OBJC_IMPLEMENTATIONS = YES;
				CLANG_WARN_DIRECT_OBJC_ISA_USAGE = YES_ERROR;
				CLANG_WARN_DOCUMENTATION_COMMENTS = YES;
				CLANG_WARN_EMPTY_BODY = YES;
				CLANG_WARN_ENUM_CONVERSION = YES;
				CLANG_WARN_INFINITE_RECURSION = YES;
				CLANG_WARN_INT_CONVERSION = YES;
				CLANG_WARN_NON_LITERAL_NULL_CONVERSION = YES;
				CLANG_WARN_OBJC_IMPLICIT_RETAIN_SELF = YES;
				CLANG_WARN_OBJC_LITERAL_CONVERSION = YES;
				CLANG_WARN_OBJC_ROOT_CLASS = YES_ERROR;
				CLANG_WARN_QUOTED_INCLUDE_IN_FRAMEWORK_HEADER = YES;
				CLANG_WARN_RANGE_LOOP_ANALYSIS = YES;
				CLANG_WARN_STRICT_PROTOTYPES = YES;
				CLANG_WARN_SUSPICIOUS_MOVE = YES;
				CLANG_WARN_UNGUARDED_AVAILABILITY = YES_AGGRESSIVE;
				CLANG_WARN_UNREACHABLE_CODE = YES;
				CLANG_WARN__DUPLICATE_METHOD_MATCH = YES;
				COPY_PHASE_STRIP = NO;
				DEBUG_INFORMATION_FORMAT = "dwarf-with-dsym";
				ENABLE_NS_ASSERTIONS = NO;
				ENABLE_STRICT_OBJC_MSGSEND = YES;
				ENABLE_USER_SCRIPT_SANDBOXING = YES;
				GCC_C_LANGUAGE_STANDARD = gnu17;
				GCC_NO_COMMON_BLOCKS = YES;
				GCC_WARN_64_TO_32_BIT_CONVERSION = YES;
				GCC_WARN_ABOUT_RETURN_TYPE = YES_ERROR;
				GCC_WARN_UNDECLARED_SELECTOR = YES;
				GCC_WARN_UNINITIALIZED_AUTOS = YES_AGGRESSIVE;
				GCC_WARN_UNUSED_FUNCTION = YES;
				GCC_WARN_UNUSED_VARIABLE = YES;
				LOCALIZATION_PREFERS_STRING_CATALOGS = YES;
				MTL_ENABLE_DEBUG_INFO = NO;
				MTL_FAST_MATH = YES;
				SWIFT_COMPILATION_MODE = wholemodule;
			};
			name = Release;
		};
		85EB0FFC2D55724400C658DC /* Debug */ = {
			isa = XCBuildConfiguration;
			buildSettings = {
				ASSETCATALOG_COMPILER_APPICON_NAME = AppIcon;
				ASSETCATALOG_COMPILER_GLOBAL_ACCENT_COLOR_NAME = AccentColor;
				CODE_SIGN_STYLE = Automatic;
				CURRENT_PROJECT_VERSION = 1;
				DEVELOPMENT_ASSET_PATHS = "\"QuickNotes Watch App/Preview Content\"";
				DEVELOPMENT_TEAM = 66Z9FA62SJ;
				ENABLE_PREVIEWS = YES;
				GENERATE_INFOPLIST_FILE = YES;
				INFOPLIST_KEY_CFBundleDisplayName = QuickNotes;
				INFOPLIST_KEY_UISupportedInterfaceOrientations = "UIInterfaceOrientationPortrait UIInterfaceOrientationPortraitUpsideDown";
				INFOPLIST_KEY_WKWatchOnly = YES;
				LD_RUNPATH_SEARCH_PATHS = (
					"$(inherited)",
					"@executable_path/Frameworks",
				);
				MARKETING_VERSION = 1.0;
				PRODUCT_BUNDLE_IDENTIFIER = SuperRiley64.QuickNotes.watchkitapp;
				PRODUCT_NAME = "$(TARGET_NAME)";
				SDKROOT = watchos;
				SKIP_INSTALL = YES;
				SWIFT_EMIT_LOC_STRINGS = YES;
				SWIFT_VERSION = 5.0;
				TARGETED_DEVICE_FAMILY = 4;
				WATCHOS_DEPLOYMENT_TARGET = 11.2;
			};
			name = Debug;
		};
		85EB0FFD2D55724400C658DC /* Release */ = {
			isa = XCBuildConfiguration;
			buildSettings = {
				ASSETCATALOG_COMPILER_APPICON_NAME = AppIcon;
				ASSETCATALOG_COMPILER_GLOBAL_ACCENT_COLOR_NAME = AccentColor;
				CODE_SIGN_STYLE = Automatic;
				CURRENT_PROJECT_VERSION = 1;
				DEVELOPMENT_ASSET_PATHS = "\"QuickNotes Watch App/Preview Content\"";
				DEVELOPMENT_TEAM = 66Z9FA62SJ;
				ENABLE_PREVIEWS = YES;
				GENERATE_INFOPLIST_FILE = YES;
				INFOPLIST_KEY_CFBundleDisplayName = QuickNotes;
				INFOPLIST_KEY_UISupportedInterfaceOrientations = "UIInterfaceOrientationPortrait UIInterfaceOrientationPortraitUpsideDown";
				INFOPLIST_KEY_WKWatchOnly = YES;
				LD_RUNPATH_SEARCH_PATHS = (
					"$(inherited)",
					"@executable_path/Frameworks",
				);
				MARKETING_VERSION = 1.0;
				PRODUCT_BUNDLE_IDENTIFIER = SuperRiley64.QuickNotes.watchkitapp;
				PRODUCT_NAME = "$(TARGET_NAME)";
				SDKROOT = watchos;
				SKIP_INSTALL = YES;
				SWIFT_EMIT_LOC_STRINGS = YES;
				SWIFT_VERSION = 5.0;
				TARGETED_DEVICE_FAMILY = 4;
				VALIDATE_PRODUCT = YES;
				WATCHOS_DEPLOYMENT_TARGET = 11.2;
			};
			name = Release;
		};
		85EB10002D55724400C658DC /* Debug */ = {
			isa = XCBuildConfiguration;
			buildSettings = {
				CODE_SIGN_STYLE = Automatic;
				CURRENT_PROJECT_VERSION = 1;
				DEVELOPMENT_TEAM = 66Z9FA62SJ;
				INFOPLIST_KEY_CFBundleDisplayName = MiniNotes;
				MARKETING_VERSION = 1.0;
				PRODUCT_BUNDLE_IDENTIFIER = SuperRiley64.QuickNotes;
				PRODUCT_NAME = "$(TARGET_NAME)";
				SDKROOT = iphoneos;
				SWIFT_VERSION = 5.0;
			};
			name = Debug;
		};
		85EB10012D55724400C658DC /* Release */ = {
			isa = XCBuildConfiguration;
			buildSettings = {
				CODE_SIGN_STYLE = Automatic;
				CURRENT_PROJECT_VERSION = 1;
				DEVELOPMENT_TEAM = 66Z9FA62SJ;
				INFOPLIST_KEY_CFBundleDisplayName = MiniNotes;
				MARKETING_VERSION = 1.0;
				PRODUCT_BUNDLE_IDENTIFIER = SuperRiley64.QuickNotes;
				PRODUCT_NAME = "$(TARGET_NAME)";
				SDKROOT = iphoneos;
				SWIFT_VERSION = 5.0;
				VALIDATE_PRODUCT = YES;
			};
			name = Release;
		};
		85EB10032D55724400C658DC /* Debug */ = {
			isa = XCBuildConfiguration;
			buildSettings = {
				BUNDLE_LOADER = "$(TEST_HOST)";
				CODE_SIGN_STYLE = Automatic;
				CURRENT_PROJECT_VERSION = 1;
				GENERATE_INFOPLIST_FILE = YES;
				MARKETING_VERSION = 1.0;
				PRODUCT_BUNDLE_IDENTIFIER = "SuperRiley64.QuickNotes-Watch-AppTests";
				PRODUCT_NAME = "$(TARGET_NAME)";
				SDKROOT = watchos;
				SWIFT_EMIT_LOC_STRINGS = NO;
				SWIFT_VERSION = 5.0;
				TARGETED_DEVICE_FAMILY = 4;
				TEST_HOST = "$(BUILT_PRODUCTS_DIR)/QuickNotes Watch App.app/$(BUNDLE_EXECUTABLE_FOLDER_PATH)/QuickNotes Watch App";
				WATCHOS_DEPLOYMENT_TARGET = 11.2;
			};
			name = Debug;
		};
		85EB10042D55724400C658DC /* Release */ = {
			isa = XCBuildConfiguration;
			buildSettings = {
				BUNDLE_LOADER = "$(TEST_HOST)";
				CODE_SIGN_STYLE = Automatic;
				CURRENT_PROJECT_VERSION = 1;
				GENERATE_INFOPLIST_FILE = YES;
				MARKETING_VERSION = 1.0;
				PRODUCT_BUNDLE_IDENTIFIER = "SuperRiley64.QuickNotes-Watch-AppTests";
				PRODUCT_NAME = "$(TARGET_NAME)";
				SDKROOT = watchos;
				SWIFT_EMIT_LOC_STRINGS = NO;
				SWIFT_VERSION = 5.0;
				TARGETED_DEVICE_FAMILY = 4;
				TEST_HOST = "$(BUILT_PRODUCTS_DIR)/QuickNotes Watch App.app/$(BUNDLE_EXECUTABLE_FOLDER_PATH)/QuickNotes Watch App";
				VALIDATE_PRODUCT = YES;
				WATCHOS_DEPLOYMENT_TARGET = 11.2;
			};
			name = Release;
		};
		85EB10062D55724400C658DC /* Debug */ = {
			isa = XCBuildConfiguration;
			buildSettings = {
				CODE_SIGN_STYLE = Automatic;
				CURRENT_PROJECT_VERSION = 1;
				GENERATE_INFOPLIST_FILE = YES;
				MARKETING_VERSION = 1.0;
				PRODUCT_BUNDLE_IDENTIFIER = "SuperRiley64.QuickNotes-Watch-AppUITests";
				PRODUCT_NAME = "$(TARGET_NAME)";
				SDKROOT = watchos;
				SWIFT_EMIT_LOC_STRINGS = NO;
				SWIFT_VERSION = 5.0;
				TARGETED_DEVICE_FAMILY = 4;
				TEST_TARGET_NAME = "QuickNotes Watch App";
				WATCHOS_DEPLOYMENT_TARGET = 11.2;
			};
			name = Debug;
		};
		85EB10072D55724400C658DC /* Release */ = {
			isa = XCBuildConfiguration;
			buildSettings = {
				CODE_SIGN_STYLE = Automatic;
				CURRENT_PROJECT_VERSION = 1;
				GENERATE_INFOPLIST_FILE = YES;
				MARKETING_VERSION = 1.0;
				PRODUCT_BUNDLE_IDENTIFIER = "SuperRiley64.QuickNotes-Watch-AppUITests";
				PRODUCT_NAME = "$(TARGET_NAME)";
				SDKROOT = watchos;
				SWIFT_EMIT_LOC_STRINGS = NO;
				SWIFT_VERSION = 5.0;
				TARGETED_DEVICE_FAMILY = 4;
				TEST_TARGET_NAME = "QuickNotes Watch App";
				VALIDATE_PRODUCT = YES;
				WATCHOS_DEPLOYMENT_TARGET = 11.2;
			};
			name = Release;
		};
/* End XCBuildConfiguration section */

/* Begin XCConfigurationList section */
		85EB0FCC2D55724300C658DC /* Build configuration list for PBXProject "QuickNotes" */ = {
			isa = XCConfigurationList;
			buildConfigurations = (
				85EB0FF92D55724400C658DC /* Debug */,
				85EB0FFA2D55724400C658DC /* Release */,
			);
			defaultConfigurationIsVisible = 0;
			defaultConfigurationName = Release;
		};
		85EB0FFB2D55724400C658DC /* Build configuration list for PBXNativeTarget "QuickNotes Watch App" */ = {
			isa = XCConfigurationList;
			buildConfigurations = (
				85EB0FFC2D55724400C658DC /* Debug */,
				85EB0FFD2D55724400C658DC /* Release */,
			);
			defaultConfigurationIsVisible = 0;
			defaultConfigurationName = Release;
		};
		85EB0FFF2D55724400C658DC /* Build configuration list for PBXNativeTarget "QuickNotes" */ = {
			isa = XCConfigurationList;
			buildConfigurations = (
				85EB10002D55724400C658DC /* Debug */,
				85EB10012D55724400C658DC /* Release */,
			);
			defaultConfigurationIsVisible = 0;
			defaultConfigurationName = Release;
		};
		85EB10022D55724400C658DC /* Build configuration list for PBXNativeTarget "QuickNotes Watch AppTests" */ = {
			isa = XCConfigurationList;
			buildConfigurations = (
				85EB10032D55724400C658DC /* Debug */,
				85EB10042D55724400C658DC /* Release */,
			);
			defaultConfigurationIsVisible = 0;
			defaultConfigurationName = Release;
		};
		85EB10052D55724400C658DC /* Build configuration list for PBXNativeTarget "QuickNotes Watch AppUITests" */ = {
			isa = XCConfigurationList;
			buildConfigurations = (
				85EB10062D55724400C658DC /* Debug */,
				85EB10072D55724400C658DC /* Release */,
			);
			defaultConfigurationIsVisible = 0;
			defaultConfigurationName = Release;
		};
/* End XCConfigurationList section */
	};
	rootObject = 85EB0FC92D55724300C658DC /* Project object */;
}
